
Microsoft Visual Studio Solution File, Format Version 12.00
# Visual Studio Version 17
VisualStudioVersion = 17.3.32929.385
MinimumVisualStudioVersion = 10.0.40219.1
Project("{FAE04EC0-301F-11D3-BF4B-00C04F79EFBC}") = "Autoglass", "Autoglass\Autoglass.csproj", "{8D9D986D-3FBC-4512-B5E1-542C84D47356}"
EndProject
Project("{2150E333-8FDC-42A3-9474-1A3956D46DE8}") = "1 - API", "1 - API", "{887E7285-C735-48D8-A412-21AA73B92585}"
EndProject
Project("{2150E333-8FDC-42A3-9474-1A3956D46DE8}") = "2 - Application", "2 - Application", "{20C00A30-D3E6-49DC-B51D-5FC30385E371}"
EndProject
Project("{2150E333-8FDC-42A3-9474-1A3956D46DE8}") = "3 - Service", "3 - Service", "{8E1D6A06-65E2-4E2C-948F-28C6A874D8EA}"
EndProject
Project("{2150E333-8FDC-42A3-9474-1A3956D46DE8}") = "4 - Repository", "4 - Repository", "{7D41420A-31B9-4BAB-8F6F-120F415D96AE}"
EndProject
Project("{2150E333-8FDC-42A3-9474-1A3956D46DE8}") = "5 - Domain", "5 - Domain", "{5ED06199-25DC-46C8-890E-403E3D0C3078}"
EndProject
Project("{2150E333-8FDC-42A3-9474-1A3956D46DE8}") = "6 - Infra", "6 - Infra", "{1D83F882-1E11-4F40-97B6-FD9042AA36D8}"
EndProject
Project("{2150E333-8FDC-42A3-9474-1A3956D46DE8}") = "6.1 - Data", "6.1 - Data", "{9B36D967-97CA-4B21-B0B9-C7A2DA1CCB33}"
EndProject
Project("{2150E333-8FDC-42A3-9474-1A3956D46DE8}") = "6.2 - CrossCutting", "6.2 - CrossCutting", "{8F01AC14-7E48-49E3-94E7-948816EF1050}"
EndProject
Project("{FAE04EC0-301F-11D3-BF4B-00C04F79EFBC}") = "Domain", "Domain\Domain.csproj", "{E43509A6-4732-4E05-930D-8F5A54950619}"
EndProject
Project("{FAE04EC0-301F-11D3-BF4B-00C04F79EFBC}") = "Domain.Core", "Domain.Core\Domain.Core.csproj", "{F7836436-4A6B-41F3-81F6-783D9B870301}"
EndProject
Project("{FAE04EC0-301F-11D3-BF4B-00C04F79EFBC}") = "Repository", "Repository\Repository.csproj", "{A126FE97-B3EC-4A6A-B06A-AE5DCED4D703}"
EndProject
Project("{FAE04EC0-301F-11D3-BF4B-00C04F79EFBC}") = "Repository.Implement", "Repository.Implement\Repository.Implement.csproj", "{B8DE2AF9-F03C-4A1B-9183-EED24EF8DD5C}"
EndProject
Project("{FAE04EC0-301F-11D3-BF4B-00C04F79EFBC}") = "Infra.Data", "Infra.Data\Infra.Data.csproj", "{C0D406B4-F2E0-4218-9B37-B73EEE42B84B}"
EndProject
Project("{FAE04EC0-301F-11D3-BF4B-00C04F79EFBC}") = "Infra.CrossCutting.Common", "Infra.CrossCutting.Common\Infra.CrossCutting.Common.csproj", "{B77F67C9-4C89-4755-B308-8208F8CE7FE4}"
EndProject
Project("{FAE04EC0-301F-11D3-BF4B-00C04F79EFBC}") = "Infra.CrossCutting.Identity", "Infra.CrossCutting.Identity\Infra.CrossCutting.Identity.csproj", "{D3458F8B-2656-4283-B8FD-EE6392FC985B}"
EndProject
Project("{FAE04EC0-301F-11D3-BF4B-00C04F79EFBC}") = "Service.Implement", "Service.Implement\Service.Implement.csproj", "{BF9D0B7B-D72A-407E-90D6-F7579CF3A466}"
EndProject
Project("{FAE04EC0-301F-11D3-BF4B-00C04F79EFBC}") = "Service", "Service\Service.csproj", "{9C587FCD-3959-456B-AAD2-93F8AD0970E0}"
EndProject
Project("{FAE04EC0-301F-11D3-BF4B-00C04F79EFBC}") = "Application", "Application\Application.csproj", "{3FF67F75-1AA6-495F-BA77-08B019D7B49A}"
EndProject
Project("{FAE04EC0-301F-11D3-BF4B-00C04F79EFBC}") = "Application.Implement", "Application.Integration\Application.Implement.csproj", "{0569B1A6-32FE-4559-8B2C-CC645ECEFDCD}"
EndProject
Project("{FAE04EC0-301F-11D3-BF4B-00C04F79EFBC}") = "Infra.CrossCutting.IoC", "Infra.CrossCutting.IoC\Infra.CrossCutting.IoC.csproj", "{010C920A-7A72-4938-9722-91CE8CDFEB19}"
EndProject
Project("{FAE04EC0-301F-11D3-BF4B-00C04F79EFBC}") = "Infra.Framework.Web", "Infra.Framework.Web\Infra.Framework.Web.csproj", "{B33E5B95-13D3-4951-B8DD-3E5F5BF61B8E}"
EndProject
Global
	GlobalSection(SolutionConfigurationPlatforms) = preSolution
		Debug|Any CPU = Debug|Any CPU
		Release|Any CPU = Release|Any CPU
	EndGlobalSection
	GlobalSection(ProjectConfigurationPlatforms) = postSolution
		{8D9D986D-3FBC-4512-B5E1-542C84D47356}.Debug|Any CPU.ActiveCfg = Debug|Any CPU
		{8D9D986D-3FBC-4512-B5E1-542C84D47356}.Debug|Any CPU.Build.0 = Debug|Any CPU
		{8D9D986D-3FBC-4512-B5E1-542C84D47356}.Release|Any CPU.ActiveCfg = Release|Any CPU
		{8D9D986D-3FBC-4512-B5E1-542C84D47356}.Release|Any CPU.Build.0 = Release|Any CPU
		{E43509A6-4732-4E05-930D-8F5A54950619}.Debug|Any CPU.ActiveCfg = Debug|Any CPU
		{E43509A6-4732-4E05-930D-8F5A54950619}.Debug|Any CPU.Build.0 = Debug|Any CPU
		{E43509A6-4732-4E05-930D-8F5A54950619}.Release|Any CPU.ActiveCfg = Release|Any CPU
		{E43509A6-4732-4E05-930D-8F5A54950619}.Release|Any CPU.Build.0 = Release|Any CPU
		{F7836436-4A6B-41F3-81F6-783D9B870301}.Debug|Any CPU.ActiveCfg = Debug|Any CPU
		{F7836436-4A6B-41F3-81F6-783D9B870301}.Debug|Any CPU.Build.0 = Debug|Any CPU
		{F7836436-4A6B-41F3-81F6-783D9B870301}.Release|Any CPU.ActiveCfg = Release|Any CPU
		{F7836436-4A6B-41F3-81F6-783D9B870301}.Release|Any CPU.Build.0 = Release|Any CPU
		{A126FE97-B3EC-4A6A-B06A-AE5DCED4D703}.Debug|Any CPU.ActiveCfg = Debug|Any CPU
		{A126FE97-B3EC-4A6A-B06A-AE5DCED4D703}.Debug|Any CPU.Build.0 = Debug|Any CPU
		{A126FE97-B3EC-4A6A-B06A-AE5DCED4D703}.Release|Any CPU.ActiveCfg = Release|Any CPU
		{A126FE97-B3EC-4A6A-B06A-AE5DCED4D703}.Release|Any CPU.Build.0 = Release|Any CPU
		{B8DE2AF9-F03C-4A1B-9183-EED24EF8DD5C}.Debug|Any CPU.ActiveCfg = Debug|Any CPU
		{B8DE2AF9-F03C-4A1B-9183-EED24EF8DD5C}.Debug|Any CPU.Build.0 = Debug|Any CPU
		{B8DE2AF9-F03C-4A1B-9183-EED24EF8DD5C}.Release|Any CPU.ActiveCfg = Release|Any CPU
		{B8DE2AF9-F03C-4A1B-9183-EED24EF8DD5C}.Release|Any CPU.Build.0 = Release|Any CPU
		{C0D406B4-F2E0-4218-9B37-B73EEE42B84B}.Debug|Any CPU.ActiveCfg = Debug|Any CPU
		{C0D406B4-F2E0-4218-9B37-B73EEE42B84B}.Debug|Any CPU.Build.0 = Debug|Any CPU
		{C0D406B4-F2E0-4218-9B37-B73EEE42B84B}.Release|Any CPU.ActiveCfg = Release|Any CPU
		{C0D406B4-F2E0-4218-9B37-B73EEE42B84B}.Release|Any CPU.Build.0 = Release|Any CPU
		{B77F67C9-4C89-4755-B308-8208F8CE7FE4}.Debug|Any CPU.ActiveCfg = Debug|Any CPU
		{B77F67C9-4C89-4755-B308-8208F8CE7FE4}.Debug|Any CPU.Build.0 = Debug|Any CPU
		{B77F67C9-4C89-4755-B308-8208F8CE7FE4}.Release|Any CPU.ActiveCfg = Release|Any CPU
		{B77F67C9-4C89-4755-B308-8208F8CE7FE4}.Release|Any CPU.Build.0 = Release|Any CPU
		{D3458F8B-2656-4283-B8FD-EE6392FC985B}.Debug|Any CPU.ActiveCfg = Debug|Any CPU
		{D3458F8B-2656-4283-B8FD-EE6392FC985B}.Debug|Any CPU.Build.0 = Debug|Any CPU
		{D3458F8B-2656-4283-B8FD-EE6392FC985B}.Release|Any CPU.ActiveCfg = Release|Any CPU
		{D3458F8B-2656-4283-B8FD-EE6392FC985B}.Release|Any CPU.Build.0 = Release|Any CPU
		{BF9D0B7B-D72A-407E-90D6-F7579CF3A466}.Debug|Any CPU.ActiveCfg = Debug|Any CPU
		{BF9D0B7B-D72A-407E-90D6-F7579CF3A466}.Debug|Any CPU.Build.0 = Debug|Any CPU
		{BF9D0B7B-D72A-407E-90D6-F7579CF3A466}.Release|Any CPU.ActiveCfg = Release|Any CPU
		{BF9D0B7B-D72A-407E-90D6-F7579CF3A466}.Release|Any CPU.Build.0 = Release|Any CPU
		{9C587FCD-3959-456B-AAD2-93F8AD0970E0}.Debug|Any CPU.ActiveCfg = Debug|Any CPU
		{9C587FCD-3959-456B-AAD2-93F8AD0970E0}.Debug|Any CPU.Build.0 = Debug|Any CPU
		{9C587FCD-3959-456B-AAD2-93F8AD0970E0}.Release|Any CPU.ActiveCfg = Release|Any CPU
		{9C587FCD-3959-456B-AAD2-93F8AD0970E0}.Release|Any CPU.Build.0 = Release|Any CPU
		{3FF67F75-1AA6-495F-BA77-08B019D7B49A}.Debug|Any CPU.ActiveCfg = Debug|Any CPU
		{3FF67F75-1AA6-495F-BA77-08B019D7B49A}.Debug|Any CPU.Build.0 = Debug|Any CPU
		{3FF67F75-1AA6-495F-BA77-08B019D7B49A}.Release|Any CPU.ActiveCfg = Release|Any CPU
		{3FF67F75-1AA6-495F-BA77-08B019D7B49A}.Release|Any CPU.Build.0 = Release|Any CPU
		{0569B1A6-32FE-4559-8B2C-CC645ECEFDCD}.Debug|Any CPU.ActiveCfg = Debug|Any CPU
		{0569B1A6-32FE-4559-8B2C-CC645ECEFDCD}.Debug|Any CPU.Build.0 = Debug|Any CPU
		{0569B1A6-32FE-4559-8B2C-CC645ECEFDCD}.Release|Any CPU.ActiveCfg = Release|Any CPU
		{0569B1A6-32FE-4559-8B2C-CC645ECEFDCD}.Release|Any CPU.Build.0 = Release|Any CPU
		{010C920A-7A72-4938-9722-91CE8CDFEB19}.Debug|Any CPU.ActiveCfg = Debug|Any CPU
		{010C920A-7A72-4938-9722-91CE8CDFEB19}.Debug|Any CPU.Build.0 = Debug|Any CPU
		{010C920A-7A72-4938-9722-91CE8CDFEB19}.Release|Any CPU.ActiveCfg = Release|Any CPU
		{010C920A-7A72-4938-9722-91CE8CDFEB19}.Release|Any CPU.Build.0 = Release|Any CPU
		{B33E5B95-13D3-4951-B8DD-3E5F5BF61B8E}.Debug|Any CPU.ActiveCfg = Debug|Any CPU
		{B33E5B95-13D3-4951-B8DD-3E5F5BF61B8E}.Debug|Any CPU.Build.0 = Debug|Any CPU
		{B33E5B95-13D3-4951-B8DD-3E5F5BF61B8E}.Release|Any CPU.ActiveCfg = Release|Any CPU
		{B33E5B95-13D3-4951-B8DD-3E5F5BF61B8E}.Release|Any CPU.Build.0 = Release|Any CPU
	EndGlobalSection
	GlobalSection(SolutionProperties) = preSolution
		HideSolutionNode = FALSE
	EndGlobalSection
	GlobalSection(NestedProjects) = preSolution
		{8D9D986D-3FBC-4512-B5E1-542C84D47356} = {887E7285-C735-48D8-A412-21AA73B92585}
		{9B36D967-97CA-4B21-B0B9-C7A2DA1CCB33} = {1D83F882-1E11-4F40-97B6-FD9042AA36D8}
		{8F01AC14-7E48-49E3-94E7-948816EF1050} = {1D83F882-1E11-4F40-97B6-FD9042AA36D8}
		{E43509A6-4732-4E05-930D-8F5A54950619} = {5ED06199-25DC-46C8-890E-403E3D0C3078}
		{F7836436-4A6B-41F3-81F6-783D9B870301} = {5ED06199-25DC-46C8-890E-403E3D0C3078}
		{A126FE97-B3EC-4A6A-B06A-AE5DCED4D703} = {7D41420A-31B9-4BAB-8F6F-120F415D96AE}
		{B8DE2AF9-F03C-4A1B-9183-EED24EF8DD5C} = {7D41420A-31B9-4BAB-8F6F-120F415D96AE}
		{C0D406B4-F2E0-4218-9B37-B73EEE42B84B} = {9B36D967-97CA-4B21-B0B9-C7A2DA1CCB33}
		{B77F67C9-4C89-4755-B308-8208F8CE7FE4} = {8F01AC14-7E48-49E3-94E7-948816EF1050}
		{D3458F8B-2656-4283-B8FD-EE6392FC985B} = {8F01AC14-7E48-49E3-94E7-948816EF1050}
		{BF9D0B7B-D72A-407E-90D6-F7579CF3A466} = {8E1D6A06-65E2-4E2C-948F-28C6A874D8EA}
		{9C587FCD-3959-456B-AAD2-93F8AD0970E0} = {8E1D6A06-65E2-4E2C-948F-28C6A874D8EA}
		{3FF67F75-1AA6-495F-BA77-08B019D7B49A} = {20C00A30-D3E6-49DC-B51D-5FC30385E371}
		{0569B1A6-32FE-4559-8B2C-CC645ECEFDCD} = {20C00A30-D3E6-49DC-B51D-5FC30385E371}
		{010C920A-7A72-4938-9722-91CE8CDFEB19} = {8F01AC14-7E48-49E3-94E7-948816EF1050}
		{B33E5B95-13D3-4951-B8DD-3E5F5BF61B8E} = {8F01AC14-7E48-49E3-94E7-948816EF1050}
	EndGlobalSection
	GlobalSection(ExtensibilityGlobals) = postSolution
		SolutionGuid = {22AA1CA7-64B8-4019-A6EE-2168F163FCA4}
	EndGlobalSection
EndGlobal
